// !$*UTF8*$!
{
	archiveVersion = 1;
	classes = {
	};
	objectVersion = 50;
	objects = {

/* Begin PBXBuildFile section */
		27A0C651589C36C0B8A9A2B8 /* Pods_HUDMakerKitTests.framework in Frameworks */ = {isa = PBXBuildFile; fileRef = 26FE5B5D1F6FC3F40F74315D /* Pods_HUDMakerKitTests.framework */; };
		E7B2F5F42143F963003B642A /* HUDMakerKit.framework in Frameworks */ = {isa = PBXBuildFile; fileRef = E7B2F5EA2143F963003B642A /* HUDMakerKit.framework */; };
		E7B2F5FB2143F963003B642A /* HUDMakerKit.h in Headers */ = {isa = PBXBuildFile; fileRef = E7B2F5ED2143F963003B642A /* HUDMakerKit.h */; settings = {ATTRIBUTES = (Public, ); }; };
		E7B2F6072143FB25003B642A /* HUDRunner.swift in Sources */ = {isa = PBXBuildFile; fileRef = E7B2F6062143FB25003B642A /* HUDRunner.swift */; };
		E7B2F63721441132003B642A /* HUDMaker.swift in Sources */ = {isa = PBXBuildFile; fileRef = E7B2F63621441132003B642A /* HUDMaker.swift */; };
		E7B2F73E21459182003B642A /* HUDMaker+Frame.swift in Sources */ = {isa = PBXBuildFile; fileRef = E7B2F73D21459182003B642A /* HUDMaker+Frame.swift */; };
		E7B2F74121459263003B642A /* HUDMaker+Color.swift in Sources */ = {isa = PBXBuildFile; fileRef = E7B2F74021459263003B642A /* HUDMaker+Color.swift */; };
		E7B2F7432145928A003B642A /* HUDMaker+Constants.swift in Sources */ = {isa = PBXBuildFile; fileRef = E7B2F7422145928A003B642A /* HUDMaker+Constants.swift */; };
		E7B2F745214592BA003B642A /* HUDMaker+Date.swift in Sources */ = {isa = PBXBuildFile; fileRef = E7B2F744214592BA003B642A /* HUDMaker+Date.swift */; };
		E7B2F747214592D5003B642A /* HUDMaker+Event.swift in Sources */ = {isa = PBXBuildFile; fileRef = E7B2F746214592D5003B642A /* HUDMaker+Event.swift */; };
		E7B2F74921459308003B642A /* HUDMaker+Image.swift in Sources */ = {isa = PBXBuildFile; fileRef = E7B2F74821459308003B642A /* HUDMaker+Image.swift */; };
		E7B2F74B21459344003B642A /* HUDMaker+Loop.swift in Sources */ = {isa = PBXBuildFile; fileRef = E7B2F74A21459344003B642A /* HUDMaker+Loop.swift */; };
		E7B2F74D2145934F003B642A /* HUDMaker+Shape.swift in Sources */ = {isa = PBXBuildFile; fileRef = E7B2F74C2145934E003B642A /* HUDMaker+Shape.swift */; };
		E7B2F74F21459378003B642A /* HUDMaker+Text.swift in Sources */ = {isa = PBXBuildFile; fileRef = E7B2F74E21459378003B642A /* HUDMaker+Text.swift */; };
		E7B2F75121459384003B642A /* HUDMaker+Transform.swift in Sources */ = {isa = PBXBuildFile; fileRef = E7B2F75021459384003B642A /* HUDMaker+Transform.swift */; };
		E7B2F7532145938E003B642A /* HUDMaker+Vertex.swift in Sources */ = {isa = PBXBuildFile; fileRef = E7B2F7522145938E003B642A /* HUDMaker+Vertex.swift */; };
		E7B2F755214605EA003B642A /* HUDMakerDelegateSpy.swift in Sources */ = {isa = PBXBuildFile; fileRef = E7B2F754214605EA003B642A /* HUDMakerDelegateSpy.swift */; };
		E7B2F7562146079A003B642A /* HUDMakerTests.swift in Sources */ = {isa = PBXBuildFile; fileRef = E7B2F5F82143F963003B642A /* HUDMakerTests.swift */; };
		E7B2F78321463D2C003B642A /* ProcessingKit.framework in Frameworks */ = {isa = PBXBuildFile; fileRef = E7B2F78221463D2C003B642A /* ProcessingKit.framework */; };
/* End PBXBuildFile section */

/* Begin PBXContainerItemProxy section */
		E7B2F5F52143F963003B642A /* PBXContainerItemProxy */ = {
			isa = PBXContainerItemProxy;
			containerPortal = E7B2F5E12143F963003B642A /* Project object */;
			proxyType = 1;
			remoteGlobalIDString = E7B2F5E92143F963003B642A;
			remoteInfo = HUDMakerKit;
		};
/* End PBXContainerItemProxy section */

/* Begin PBXFileReference section */
		1A00093838FC0CC94870C0C8 /* Pods-HUDMakerKitTests.debug.xcconfig */ = {isa = PBXFileReference; includeInIndex = 1; lastKnownFileType = text.xcconfig; name = "Pods-HUDMakerKitTests.debug.xcconfig"; path = "Pods/Target Support Files/Pods-HUDMakerKitTests/Pods-HUDMakerKitTests.debug.xcconfig"; sourceTree = "<group>"; };
		26FE5B5D1F6FC3F40F74315D /* Pods_HUDMakerKitTests.framework */ = {isa = PBXFileReference; explicitFileType = wrapper.framework; includeInIndex = 0; path = Pods_HUDMakerKitTests.framework; sourceTree = BUILT_PRODUCTS_DIR; };
		32A28EF01052FB8A1E764853 /* Pods-HUDMakerKitTests.release.xcconfig */ = {isa = PBXFileReference; includeInIndex = 1; lastKnownFileType = text.xcconfig; name = "Pods-HUDMakerKitTests.release.xcconfig"; path = "Pods/Target Support Files/Pods-HUDMakerKitTests/Pods-HUDMakerKitTests.release.xcconfig"; sourceTree = "<group>"; };
		3932E354BDCF1F365066A0E0 /* Pods-HUDMakerKit.debug.xcconfig */ = {isa = PBXFileReference; includeInIndex = 1; lastKnownFileType = text.xcconfig; name = "Pods-HUDMakerKit.debug.xcconfig"; path = "Pods/Target Support Files/Pods-HUDMakerKit/Pods-HUDMakerKit.debug.xcconfig"; sourceTree = "<group>"; };
		7B7BF4DA57D25FC068D45AAF /* Pods-HUDMakerKit.release.xcconfig */ = {isa = PBXFileReference; includeInIndex = 1; lastKnownFileType = text.xcconfig; name = "Pods-HUDMakerKit.release.xcconfig"; path = "Pods/Target Support Files/Pods-HUDMakerKit/Pods-HUDMakerKit.release.xcconfig"; sourceTree = "<group>"; };
		C62ED5936FEE6EB71BC8EDF5 /* Pods_HUDMakerKit.framework */ = {isa = PBXFileReference; explicitFileType = wrapper.framework; includeInIndex = 0; path = Pods_HUDMakerKit.framework; sourceTree = BUILT_PRODUCTS_DIR; };
		E7B2F5EA2143F963003B642A /* HUDMakerKit.framework */ = {isa = PBXFileReference; explicitFileType = wrapper.framework; includeInIndex = 0; path = HUDMakerKit.framework; sourceTree = BUILT_PRODUCTS_DIR; };
		E7B2F5ED2143F963003B642A /* HUDMakerKit.h */ = {isa = PBXFileReference; lastKnownFileType = sourcecode.c.h; path = HUDMakerKit.h; sourceTree = "<group>"; };
		E7B2F5EE2143F963003B642A /* Info.plist */ = {isa = PBXFileReference; lastKnownFileType = text.plist.xml; path = Info.plist; sourceTree = "<group>"; };
		E7B2F5F32143F963003B642A /* HUDMakerKitTests.xctest */ = {isa = PBXFileReference; explicitFileType = wrapper.cfbundle; includeInIndex = 0; path = HUDMakerKitTests.xctest; sourceTree = BUILT_PRODUCTS_DIR; };
		E7B2F5F82143F963003B642A /* HUDMakerTests.swift */ = {isa = PBXFileReference; lastKnownFileType = sourcecode.swift; path = HUDMakerTests.swift; sourceTree = "<group>"; };
		E7B2F5FA2143F963003B642A /* Info.plist */ = {isa = PBXFileReference; lastKnownFileType = text.plist.xml; path = Info.plist; sourceTree = "<group>"; };
		E7B2F6062143FB25003B642A /* HUDRunner.swift */ = {isa = PBXFileReference; lastKnownFileType = sourcecode.swift; path = HUDRunner.swift; sourceTree = "<group>"; };
		E7B2F63621441132003B642A /* HUDMaker.swift */ = {isa = PBXFileReference; lastKnownFileType = sourcecode.swift; path = HUDMaker.swift; sourceTree = "<group>"; };
		E7B2F73D21459182003B642A /* HUDMaker+Frame.swift */ = {isa = PBXFileReference; lastKnownFileType = sourcecode.swift; path = "HUDMaker+Frame.swift"; sourceTree = "<group>"; };
		E7B2F74021459263003B642A /* HUDMaker+Color.swift */ = {isa = PBXFileReference; lastKnownFileType = sourcecode.swift; path = "HUDMaker+Color.swift"; sourceTree = "<group>"; };
		E7B2F7422145928A003B642A /* HUDMaker+Constants.swift */ = {isa = PBXFileReference; lastKnownFileType = sourcecode.swift; path = "HUDMaker+Constants.swift"; sourceTree = "<group>"; };
		E7B2F744214592BA003B642A /* HUDMaker+Date.swift */ = {isa = PBXFileReference; lastKnownFileType = sourcecode.swift; path = "HUDMaker+Date.swift"; sourceTree = "<group>"; };
		E7B2F746214592D5003B642A /* HUDMaker+Event.swift */ = {isa = PBXFileReference; lastKnownFileType = sourcecode.swift; path = "HUDMaker+Event.swift"; sourceTree = "<group>"; };
		E7B2F74821459308003B642A /* HUDMaker+Image.swift */ = {isa = PBXFileReference; lastKnownFileType = sourcecode.swift; path = "HUDMaker+Image.swift"; sourceTree = "<group>"; };
		E7B2F74A21459344003B642A /* HUDMaker+Loop.swift */ = {isa = PBXFileReference; lastKnownFileType = sourcecode.swift; path = "HUDMaker+Loop.swift"; sourceTree = "<group>"; };
		E7B2F74C2145934E003B642A /* HUDMaker+Shape.swift */ = {isa = PBXFileReference; lastKnownFileType = sourcecode.swift; path = "HUDMaker+Shape.swift"; sourceTree = "<group>"; };
		E7B2F74E21459378003B642A /* HUDMaker+Text.swift */ = {isa = PBXFileReference; lastKnownFileType = sourcecode.swift; path = "HUDMaker+Text.swift"; sourceTree = "<group>"; };
		E7B2F75021459384003B642A /* HUDMaker+Transform.swift */ = {isa = PBXFileReference; lastKnownFileType = sourcecode.swift; path = "HUDMaker+Transform.swift"; sourceTree = "<group>"; };
		E7B2F7522145938E003B642A /* HUDMaker+Vertex.swift */ = {isa = PBXFileReference; lastKnownFileType = sourcecode.swift; path = "HUDMaker+Vertex.swift"; sourceTree = "<group>"; };
		E7B2F754214605EA003B642A /* HUDMakerDelegateSpy.swift */ = {isa = PBXFileReference; lastKnownFileType = sourcecode.swift; path = HUDMakerDelegateSpy.swift; sourceTree = "<group>"; };
		E7B2F77C2146240F003B642A /* ProcessingKit.framework */ = {isa = PBXFileReference; lastKnownFileType = wrapper.framework; name = ProcessingKit.framework; path = Carthage/Build/iOS/ProcessingKit.framework; sourceTree = "<group>"; };
		E7B2F78221463D2C003B642A /* ProcessingKit.framework */ = {isa = PBXFileReference; explicitFileType = wrapper.framework; path = ProcessingKit.framework; sourceTree = BUILT_PRODUCTS_DIR; };
/* End PBXFileReference section */

/* Begin PBXFrameworksBuildPhase section */
		E7B2F5E62143F963003B642A /* Frameworks */ = {
			isa = PBXFrameworksBuildPhase;
			buildActionMask = 2147483647;
			files = (
				E7B2F78321463D2C003B642A /* ProcessingKit.framework in Frameworks */,
			);
			runOnlyForDeploymentPostprocessing = 0;
		};
		E7B2F5F02143F963003B642A /* Frameworks */ = {
			isa = PBXFrameworksBuildPhase;
			buildActionMask = 2147483647;
			files = (
				E7B2F5F42143F963003B642A /* HUDMakerKit.framework in Frameworks */,
				27A0C651589C36C0B8A9A2B8 /* Pods_HUDMakerKitTests.framework in Frameworks */,
			);
			runOnlyForDeploymentPostprocessing = 0;
		};
/* End PBXFrameworksBuildPhase section */

/* Begin PBXGroup section */
		424B9C086F4062DB767BA292 /* Frameworks */ = {
			isa = PBXGroup;
			children = (
				E7B2F78221463D2C003B642A /* ProcessingKit.framework */,
				E7B2F77C2146240F003B642A /* ProcessingKit.framework */,
				C62ED5936FEE6EB71BC8EDF5 /* Pods_HUDMakerKit.framework */,
				26FE5B5D1F6FC3F40F74315D /* Pods_HUDMakerKitTests.framework */,
			);
			name = Frameworks;
			sourceTree = "<group>";
		};
		6692BD2935E054F9517900C5 /* Pods */ = {
			isa = PBXGroup;
			children = (
				3932E354BDCF1F365066A0E0 /* Pods-HUDMakerKit.debug.xcconfig */,
				7B7BF4DA57D25FC068D45AAF /* Pods-HUDMakerKit.release.xcconfig */,
				1A00093838FC0CC94870C0C8 /* Pods-HUDMakerKitTests.debug.xcconfig */,
				32A28EF01052FB8A1E764853 /* Pods-HUDMakerKitTests.release.xcconfig */,
			);
			name = Pods;
			sourceTree = "<group>";
		};
		E7B2F5E02143F963003B642A = {
			isa = PBXGroup;
			children = (
				E7B2F5EC2143F963003B642A /* HUDMakerKit */,
				E7B2F5F72143F963003B642A /* HUDMakerKitTests */,
				E7B2F5EB2143F963003B642A /* Products */,
				6692BD2935E054F9517900C5 /* Pods */,
				424B9C086F4062DB767BA292 /* Frameworks */,
			);
			sourceTree = "<group>";
		};
		E7B2F5EB2143F963003B642A /* Products */ = {
			isa = PBXGroup;
			children = (
				E7B2F5EA2143F963003B642A /* HUDMakerKit.framework */,
				E7B2F5F32143F963003B642A /* HUDMakerKitTests.xctest */,
			);
			name = Products;
			sourceTree = "<group>";
		};
		E7B2F5EC2143F963003B642A /* HUDMakerKit */ = {
			isa = PBXGroup;
			children = (
				E7B2F5ED2143F963003B642A /* HUDMakerKit.h */,
				E7B2F63C2144185C003B642A /* Maker */,
				E7B2F63B21441843003B642A /* Runner */,
				E7B2F5EE2143F963003B642A /* Info.plist */,
			);
			path = HUDMakerKit;
			sourceTree = "<group>";
		};
		E7B2F5F72143F963003B642A /* HUDMakerKitTests */ = {
			isa = PBXGroup;
			children = (
				E7B2F5F82143F963003B642A /* HUDMakerTests.swift */,
				E7B2F754214605EA003B642A /* HUDMakerDelegateSpy.swift */,
				E7B2F5FA2143F963003B642A /* Info.plist */,
			);
			path = HUDMakerKitTests;
			sourceTree = "<group>";
		};
		E7B2F63B21441843003B642A /* Runner */ = {
			isa = PBXGroup;
			children = (
				E7B2F6062143FB25003B642A /* HUDRunner.swift */,
			);
			path = Runner;
			sourceTree = "<group>";
		};
		E7B2F63C2144185C003B642A /* Maker */ = {
			isa = PBXGroup;
			children = (
				E7B2F63621441132003B642A /* HUDMaker.swift */,
				E7B2F73F21459199003B642A /* HUDMaker+ProcessingKit */,
			);
			path = Maker;
			sourceTree = "<group>";
		};
		E7B2F73F21459199003B642A /* HUDMaker+ProcessingKit */ = {
			isa = PBXGroup;
			children = (
				E7B2F74021459263003B642A /* HUDMaker+Color.swift */,
				E7B2F7422145928A003B642A /* HUDMaker+Constants.swift */,
				E7B2F744214592BA003B642A /* HUDMaker+Date.swift */,
				E7B2F746214592D5003B642A /* HUDMaker+Event.swift */,
				E7B2F73D21459182003B642A /* HUDMaker+Frame.swift */,
				E7B2F74821459308003B642A /* HUDMaker+Image.swift */,
				E7B2F74A21459344003B642A /* HUDMaker+Loop.swift */,
				E7B2F74C2145934E003B642A /* HUDMaker+Shape.swift */,
				E7B2F74E21459378003B642A /* HUDMaker+Text.swift */,
				E7B2F75021459384003B642A /* HUDMaker+Transform.swift */,
				E7B2F7522145938E003B642A /* HUDMaker+Vertex.swift */,
			);
			path = "HUDMaker+ProcessingKit";
			sourceTree = "<group>";
		};
/* End PBXGroup section */

/* Begin PBXHeadersBuildPhase section */
		E7B2F5E72143F963003B642A /* Headers */ = {
			isa = PBXHeadersBuildPhase;
			buildActionMask = 2147483647;
			files = (
				E7B2F5FB2143F963003B642A /* HUDMakerKit.h in Headers */,
			);
			runOnlyForDeploymentPostprocessing = 0;
		};
/* End PBXHeadersBuildPhase section */

/* Begin PBXNativeTarget section */
		E7B2F5E92143F963003B642A /* HUDMakerKit */ = {
			isa = PBXNativeTarget;
			buildConfigurationList = E7B2F5FE2143F963003B642A /* Build configuration list for PBXNativeTarget "HUDMakerKit" */;
			buildPhases = (
				5B4EF0CA098ACB2AF0FE3430 /* [CP] Check Pods Manifest.lock */,
				E7B2F5E52143F963003B642A /* Sources */,
				E7B2F5E62143F963003B642A /* Frameworks */,
				E7B2F5E72143F963003B642A /* Headers */,
				E7B2F5E82143F963003B642A /* Resources */,
			);
			buildRules = (
			);
			dependencies = (
			);
			name = HUDMakerKit;
			productName = HUDMakerKit;
			productReference = E7B2F5EA2143F963003B642A /* HUDMakerKit.framework */;
			productType = "com.apple.product-type.framework";
		};
		E7B2F5F22143F963003B642A /* HUDMakerKitTests */ = {
			isa = PBXNativeTarget;
			buildConfigurationList = E7B2F6012143F963003B642A /* Build configuration list for PBXNativeTarget "HUDMakerKitTests" */;
			buildPhases = (
				B16DED08BE0BE2CDF0A08CC5 /* [CP] Check Pods Manifest.lock */,
				E7B2F5EF2143F963003B642A /* Sources */,
				E7B2F5F02143F963003B642A /* Frameworks */,
				E7B2F5F12143F963003B642A /* Resources */,
				A28E8D95BFD6146C65066313 /* [CP] Embed Pods Frameworks */,
			);
			buildRules = (
			);
			dependencies = (
				E7B2F5F62143F963003B642A /* PBXTargetDependency */,
			);
			name = HUDMakerKitTests;
			productName = HUDMakerKitTests;
			productReference = E7B2F5F32143F963003B642A /* HUDMakerKitTests.xctest */;
			productType = "com.apple.product-type.bundle.unit-test";
		};
/* End PBXNativeTarget section */

/* Begin PBXProject section */
		E7B2F5E12143F963003B642A /* Project object */ = {
			isa = PBXProject;
			attributes = {
				LastSwiftUpdateCheck = 0940;
				LastUpgradeCheck = 0940;
				ORGANIZATIONNAME = "Atsuya Sato";
				TargetAttributes = {
					E7B2F5E92143F963003B642A = {
						CreatedOnToolsVersion = 9.4.1;
						LastSwiftMigration = 0940;
					};
					E7B2F5F22143F963003B642A = {
						CreatedOnToolsVersion = 9.4.1;
					};
				};
			};
			buildConfigurationList = E7B2F5E42143F963003B642A /* Build configuration list for PBXProject "HUDMakerKit" */;
			compatibilityVersion = "Xcode 9.3";
			developmentRegion = en;
			hasScannedForEncodings = 0;
			knownRegions = (
				en,
			);
			mainGroup = E7B2F5E02143F963003B642A;
			productRefGroup = E7B2F5EB2143F963003B642A /* Products */;
			projectDirPath = "";
			projectRoot = "";
			targets = (
				E7B2F5E92143F963003B642A /* HUDMakerKit */,
				E7B2F5F22143F963003B642A /* HUDMakerKitTests */,
			);
		};
/* End PBXProject section */

/* Begin PBXResourcesBuildPhase section */
		E7B2F5E82143F963003B642A /* Resources */ = {
			isa = PBXResourcesBuildPhase;
			buildActionMask = 2147483647;
			files = (
			);
			runOnlyForDeploymentPostprocessing = 0;
		};
		E7B2F5F12143F963003B642A /* Resources */ = {
			isa = PBXResourcesBuildPhase;
			buildActionMask = 2147483647;
			files = (
			);
			runOnlyForDeploymentPostprocessing = 0;
		};
/* End PBXResourcesBuildPhase section */

/* Begin PBXShellScriptBuildPhase section */
		5B4EF0CA098ACB2AF0FE3430 /* [CP] Check Pods Manifest.lock */ = {
			isa = PBXShellScriptBuildPhase;
			buildActionMask = 2147483647;
			files = (
			);
			inputPaths = (
				"${PODS_PODFILE_DIR_PATH}/Podfile.lock",
				"${PODS_ROOT}/Manifest.lock",
			);
			name = "[CP] Check Pods Manifest.lock";
			outputPaths = (
				"$(DERIVED_FILE_DIR)/Pods-HUDMakerKit-checkManifestLockResult.txt",
			);
			runOnlyForDeploymentPostprocessing = 0;
			shellPath = /bin/sh;
			shellScript = "diff \"${PODS_PODFILE_DIR_PATH}/Podfile.lock\" \"${PODS_ROOT}/Manifest.lock\" > /dev/null\nif [ $? != 0 ] ; then\n    # print error to STDERR\n    echo \"error: The sandbox is not in sync with the Podfile.lock. Run 'pod install' or update your CocoaPods installation.\" >&2\n    exit 1\nfi\n# This output is used by Xcode 'outputs' to avoid re-running this script phase.\necho \"SUCCESS\" > \"${SCRIPT_OUTPUT_FILE_0}\"\n";
			showEnvVarsInLog = 0;
		};
		A28E8D95BFD6146C65066313 /* [CP] Embed Pods Frameworks */ = {
			isa = PBXShellScriptBuildPhase;
			buildActionMask = 2147483647;
			files = (
			);
			inputPaths = (
				"${SRCROOT}/Pods/Target Support Files/Pods-HUDMakerKitTests/Pods-HUDMakerKitTests-frameworks.sh",
				"${BUILT_PRODUCTS_DIR}/ProcessingKit/ProcessingKit.framework",
			);
			name = "[CP] Embed Pods Frameworks";
			outputPaths = (
				"${TARGET_BUILD_DIR}/${FRAMEWORKS_FOLDER_PATH}/ProcessingKit.framework",
			);
			runOnlyForDeploymentPostprocessing = 0;
			shellPath = /bin/sh;
			shellScript = "\"${SRCROOT}/Pods/Target Support Files/Pods-HUDMakerKitTests/Pods-HUDMakerKitTests-frameworks.sh\"\n";
			showEnvVarsInLog = 0;
		};
		B16DED08BE0BE2CDF0A08CC5 /* [CP] Check Pods Manifest.lock */ = {
			isa = PBXShellScriptBuildPhase;
			buildActionMask = 2147483647;
			files = (
			);
			inputPaths = (
				"${PODS_PODFILE_DIR_PATH}/Podfile.lock",
				"${PODS_ROOT}/Manifest.lock",
			);
			name = "[CP] Check Pods Manifest.lock";
			outputPaths = (
				"$(DERIVED_FILE_DIR)/Pods-HUDMakerKitTests-checkManifestLockResult.txt",
			);
			runOnlyForDeploymentPostprocessing = 0;
			shellPath = /bin/sh;
			shellScript = "diff \"${PODS_PODFILE_DIR_PATH}/Podfile.lock\" \"${PODS_ROOT}/Manifest.lock\" > /dev/null\nif [ $? != 0 ] ; then\n    # print error to STDERR\n    echo \"error: The sandbox is not in sync with the Podfile.lock. Run 'pod install' or update your CocoaPods installation.\" >&2\n    exit 1\nfi\n# This output is used by Xcode 'outputs' to avoid re-running this script phase.\necho \"SUCCESS\" > \"${SCRIPT_OUTPUT_FILE_0}\"\n";
			showEnvVarsInLog = 0;
		};
/* End PBXShellScriptBuildPhase section */

/* Begin PBXSourcesBuildPhase section */
		E7B2F5E52143F963003B642A /* Sources */ = {
			isa = PBXSourcesBuildPhase;
			buildActionMask = 2147483647;
			files = (
				E7B2F74D2145934F003B642A /* HUDMaker+Shape.swift in Sources */,
				E7B2F74B21459344003B642A /* HUDMaker+Loop.swift in Sources */,
				E7B2F747214592D5003B642A /* HUDMaker+Event.swift in Sources */,
				E7B2F75121459384003B642A /* HUDMaker+Transform.swift in Sources */,
				E7B2F745214592BA003B642A /* HUDMaker+Date.swift in Sources */,
				E7B2F63721441132003B642A /* HUDMaker.swift in Sources */,
				E7B2F6072143FB25003B642A /* HUDRunner.swift in Sources */,
				E7B2F74121459263003B642A /* HUDMaker+Color.swift in Sources */,
				E7B2F74F21459378003B642A /* HUDMaker+Text.swift in Sources */,
				E7B2F73E21459182003B642A /* HUDMaker+Frame.swift in Sources */,
				E7B2F7532145938E003B642A /* HUDMaker+Vertex.swift in Sources */,
				E7B2F74921459308003B642A /* HUDMaker+Image.swift in Sources */,
				E7B2F7432145928A003B642A /* HUDMaker+Constants.swift in Sources */,
			);
			runOnlyForDeploymentPostprocessing = 0;
		};
		E7B2F5EF2143F963003B642A /* Sources */ = {
			isa = PBXSourcesBuildPhase;
			buildActionMask = 2147483647;
			files = (
				E7B2F7562146079A003B642A /* HUDMakerTests.swift in Sources */,
				E7B2F755214605EA003B642A /* HUDMakerDelegateSpy.swift in Sources */,
			);
			runOnlyForDeploymentPostprocessing = 0;
		};
/* End PBXSourcesBuildPhase section */

/* Begin PBXTargetDependency section */
		E7B2F5F62143F963003B642A /* PBXTargetDependency */ = {
			isa = PBXTargetDependency;
			target = E7B2F5E92143F963003B642A /* HUDMakerKit */;
			targetProxy = E7B2F5F52143F963003B642A /* PBXContainerItemProxy */;
		};
/* End PBXTargetDependency section */

/* Begin XCBuildConfiguration section */
		E7B2F5FC2143F963003B642A /* Debug */ = {
			isa = XCBuildConfiguration;
			buildSettings = {
				ALWAYS_SEARCH_USER_PATHS = NO;
				CLANG_ANALYZER_NONNULL = YES;
				CLANG_ANALYZER_NUMBER_OBJECT_CONVERSION = YES_AGGRESSIVE;
				CLANG_CXX_LANGUAGE_STANDARD = "gnu++14";
				CLANG_CXX_LIBRARY = "libc++";
				CLANG_ENABLE_MODULES = YES;
				CLANG_ENABLE_OBJC_ARC = YES;
				CLANG_ENABLE_OBJC_WEAK = YES;
				CLANG_WARN_BLOCK_CAPTURE_AUTORELEASING = YES;
				CLANG_WARN_BOOL_CONVERSION = YES;
				CLANG_WARN_COMMA = YES;
				CLANG_WARN_CONSTANT_CONVERSION = YES;
				CLANG_WARN_DEPRECATED_OBJC_IMPLEMENTATIONS = YES;
				CLANG_WARN_DIRECT_OBJC_ISA_USAGE = YES_ERROR;
				CLANG_WARN_DOCUMENTATION_COMMENTS = YES;
				CLANG_WARN_EMPTY_BODY = YES;
				CLANG_WARN_ENUM_CONVERSION = YES;
				CLANG_WARN_INFINITE_RECURSION = YES;
				CLANG_WARN_INT_CONVERSION = YES;
				CLANG_WARN_NON_LITERAL_NULL_CONVERSION = YES;
				CLANG_WARN_OBJC_IMPLICIT_RETAIN_SELF = YES;
				CLANG_WARN_OBJC_LITERAL_CONVERSION = YES;
				CLANG_WARN_OBJC_ROOT_CLASS = YES_ERROR;
				CLANG_WARN_RANGE_LOOP_ANALYSIS = YES;
				CLANG_WARN_STRICT_PROTOTYPES = YES;
				CLANG_WARN_SUSPICIOUS_MOVE = YES;
				CLANG_WARN_UNGUARDED_AVAILABILITY = YES_AGGRESSIVE;
				CLANG_WARN_UNREACHABLE_CODE = YES;
				CLANG_WARN__DUPLICATE_METHOD_MATCH = YES;
				CODE_SIGN_IDENTITY = "iPhone Developer";
				COPY_PHASE_STRIP = NO;
				CURRENT_PROJECT_VERSION = 1;
				DEBUG_INFORMATION_FORMAT = dwarf;
				ENABLE_STRICT_OBJC_MSGSEND = YES;
				ENABLE_TESTABILITY = YES;
				GCC_C_LANGUAGE_STANDARD = gnu11;
				GCC_DYNAMIC_NO_PIC = NO;
				GCC_NO_COMMON_BLOCKS = YES;
				GCC_OPTIMIZATION_LEVEL = 0;
				GCC_PREPROCESSOR_DEFINITIONS = (
					"DEBUG=1",
					"$(inherited)",
				);
				GCC_WARN_64_TO_32_BIT_CONVERSION = YES;
				GCC_WARN_ABOUT_RETURN_TYPE = YES_ERROR;
				GCC_WARN_UNDECLARED_SELECTOR = YES;
				GCC_WARN_UNINITIALIZED_AUTOS = YES_AGGRESSIVE;
				GCC_WARN_UNUSED_FUNCTION = YES;
				GCC_WARN_UNUSED_VARIABLE = YES;
				IPHONEOS_DEPLOYMENT_TARGET = 11.4;
				MTL_ENABLE_DEBUG_INFO = YES;
				ONLY_ACTIVE_ARCH = YES;
				SDKROOT = iphoneos;
				SWIFT_ACTIVE_COMPILATION_CONDITIONS = DEBUG;
				SWIFT_OPTIMIZATION_LEVEL = "-Onone";
				VERSIONING_SYSTEM = "apple-generic";
				VERSION_INFO_PREFIX = "";
			};
			name = Debug;
		};
		E7B2F5FD2143F963003B642A /* Release */ = {
			isa = XCBuildConfiguration;
			buildSettings = {
				ALWAYS_SEARCH_USER_PATHS = NO;
				CLANG_ANALYZER_NONNULL = YES;
				CLANG_ANALYZER_NUMBER_OBJECT_CONVERSION = YES_AGGRESSIVE;
				CLANG_CXX_LANGUAGE_STANDARD = "gnu++14";
				CLANG_CXX_LIBRARY = "libc++";
				CLANG_ENABLE_MODULES = YES;
				CLANG_ENABLE_OBJC_ARC = YES;
				CLANG_ENABLE_OBJC_WEAK = YES;
				CLANG_WARN_BLOCK_CAPTURE_AUTORELEASING = YES;
				CLANG_WARN_BOOL_CONVERSION = YES;
				CLANG_WARN_COMMA = YES;
				CLANG_WARN_CONSTANT_CONVERSION = YES;
				CLANG_WARN_DEPRECATED_OBJC_IMPLEMENTATIONS = YES;
				CLANG_WARN_DIRECT_OBJC_ISA_USAGE = YES_ERROR;
				CLANG_WARN_DOCUMENTATION_COMMENTS = YES;
				CLANG_WARN_EMPTY_BODY = YES;
				CLANG_WARN_ENUM_CONVERSION = YES;
				CLANG_WARN_INFINITE_RECURSION = YES;
				CLANG_WARN_INT_CONVERSION = YES;
				CLANG_WARN_NON_LITERAL_NULL_CONVERSION = YES;
				CLANG_WARN_OBJC_IMPLICIT_RETAIN_SELF = YES;
				CLANG_WARN_OBJC_LITERAL_CONVERSION = YES;
				CLANG_WARN_OBJC_ROOT_CLASS = YES_ERROR;
				CLANG_WARN_RANGE_LOOP_ANALYSIS = YES;
				CLANG_WARN_STRICT_PROTOTYPES = YES;
				CLANG_WARN_SUSPICIOUS_MOVE = YES;
				CLANG_WARN_UNGUARDED_AVAILABILITY = YES_AGGRESSIVE;
				CLANG_WARN_UNREACHABLE_CODE = YES;
				CLANG_WARN__DUPLICATE_METHOD_MATCH = YES;
				CODE_SIGN_IDENTITY = "iPhone Developer";
				COPY_PHASE_STRIP = NO;
				CURRENT_PROJECT_VERSION = 1;
				DEBUG_INFORMATION_FORMAT = "dwarf-with-dsym";
				ENABLE_NS_ASSERTIONS = NO;
				ENABLE_STRICT_OBJC_MSGSEND = YES;
				GCC_C_LANGUAGE_STANDARD = gnu11;
				GCC_NO_COMMON_BLOCKS = YES;
				GCC_WARN_64_TO_32_BIT_CONVERSION = YES;
				GCC_WARN_ABOUT_RETURN_TYPE = YES_ERROR;
				GCC_WARN_UNDECLARED_SELECTOR = YES;
				GCC_WARN_UNINITIALIZED_AUTOS = YES_AGGRESSIVE;
				GCC_WARN_UNUSED_FUNCTION = YES;
				GCC_WARN_UNUSED_VARIABLE = YES;
				IPHONEOS_DEPLOYMENT_TARGET = 11.4;
				MTL_ENABLE_DEBUG_INFO = NO;
				SDKROOT = iphoneos;
				SWIFT_COMPILATION_MODE = wholemodule;
				SWIFT_OPTIMIZATION_LEVEL = "-O";
				VALIDATE_PRODUCT = YES;
				VERSIONING_SYSTEM = "apple-generic";
				VERSION_INFO_PREFIX = "";
			};
			name = Release;
		};
		E7B2F5FF2143F963003B642A /* Debug */ = {
			isa = XCBuildConfiguration;
			baseConfigurationReference = 3932E354BDCF1F365066A0E0 /* Pods-HUDMakerKit.debug.xcconfig */;
			buildSettings = {
				CLANG_ENABLE_MODULES = YES;
				CODE_SIGN_IDENTITY = "";
				CODE_SIGN_STYLE = Automatic;
				DEFINES_MODULE = YES;
				DEVELOPMENT_TEAM = "";
				DYLIB_COMPATIBILITY_VERSION = 1;
				DYLIB_CURRENT_VERSION = 1;
				DYLIB_INSTALL_NAME_BASE = "@rpath";
				FRAMEWORK_SEARCH_PATHS = (
					"$(inherited)",
					"$(PROJECT_DIR)/Carthage/Build/iOS",
				);
				INFOPLIST_FILE = HUDMakerKit/Info.plist;
				INSTALL_PATH = "$(LOCAL_LIBRARY_DIR)/Frameworks";
				LD_RUNPATH_SEARCH_PATHS = (
					"$(inherited)",
					"@executable_path/Frameworks",
					"@loader_path/Frameworks",
				);
				PRODUCT_BUNDLE_IDENTIFIER = io.github.natmark.HUDMakerKit;
				PRODUCT_NAME = "$(TARGET_NAME:c99extidentifier)";
				SKIP_INSTALL = YES;
				SWIFT_OPTIMIZATION_LEVEL = "-Onone";
				SWIFT_VERSION = 4.0;
				TARGETED_DEVICE_FAMILY = "1,2";
			};
			name = Debug;
		};
		E7B2F6002143F963003B642A /* Release */ = {
			isa = XCBuildConfiguration;
			baseConfigurationReference = 7B7BF4DA57D25FC068D45AAF /* Pods-HUDMakerKit.release.xcconfig */;
			buildSettings = {
				CLANG_ENABLE_MODULES = YES;
				CODE_SIGN_IDENTITY = "";
				CODE_SIGN_STYLE = Automatic;
				DEFINES_MODULE = YES;
				DEVELOPMENT_TEAM = "";
				DYLIB_COMPATIBILITY_VERSION = 1;
				DYLIB_CURRENT_VERSION = 1;
				DYLIB_INSTALL_NAME_BASE = "@rpath";
				FRAMEWORK_SEARCH_PATHS = (
					"$(inherited)",
					"$(PROJECT_DIR)/Carthage/Build/iOS",
				);
				INFOPLIST_FILE = HUDMakerKit/Info.plist;
				INSTALL_PATH = "$(LOCAL_LIBRARY_DIR)/Frameworks";
				LD_RUNPATH_SEARCH_PATHS = (
					"$(inherited)",
					"@executable_path/Frameworks",
					"@loader_path/Frameworks",
				);
				PRODUCT_BUNDLE_IDENTIFIER = io.github.natmark.HUDMakerKit;
				PRODUCT_NAME = "$(TARGET_NAME:c99extidentifier)";
				SKIP_INSTALL = YES;
				SWIFT_VERSION = 4.0;
				TARGETED_DEVICE_FAMILY = "1,2";
			};
			name = Release;
		};
		E7B2F6022143F963003B642A /* Debug */ = {
			isa = XCBuildConfiguration;
			baseConfigurationReference = 1A00093838FC0CC94870C0C8 /* Pods-HUDMakerKitTests.debug.xcconfig */;
			buildSettings = {
				ALWAYS_EMBED_SWIFT_STANDARD_LIBRARIES = YES;
				CODE_SIGN_STYLE = Automatic;
				DEVELOPMENT_TEAM = "";
				INFOPLIST_FILE = HUDMakerKitTests/Info.plist;
				LD_RUNPATH_SEARCH_PATHS = (
					"$(inherited)",
					"@executable_path/Frameworks",
					"@loader_path/Frameworks",
				);
				PRODUCT_BUNDLE_IDENTIFIER = io.github.natmark.HUDMakerKitTests;
				PRODUCT_NAME = "$(TARGET_NAME)";
				SWIFT_VERSION = 4.0;
				TARGETED_DEVICE_FAMILY = "1,2";
			};
			name = Debug;
		};
		E7B2F6032143F963003B642A /* Release */ = {
			isa = XCBuildConfiguration;
			baseConfigurationReference = 32A28EF01052FB8A1E764853 /* Pods-HUDMakerKitTests.release.xcconfig */;
			buildSettings = {
				ALWAYS_EMBED_SWIFT_STANDARD_LIBRARIES = YES;
				CODE_SIGN_STYLE = Automatic;
				DEVELOPMENT_TEAM = "";
				INFOPLIST_FILE = HUDMakerKitTests/Info.plist;
				LD_RUNPATH_SEARCH_PATHS = (
					"$(inherited)",
					"@executable_path/Frameworks",
					"@loader_path/Frameworks",
				);
				PRODUCT_BUNDLE_IDENTIFIER = io.github.natmark.HUDMakerKitTests;
				PRODUCT_NAME = "$(TARGET_NAME)";
				SWIFT_VERSION = 4.0;
				TARGETED_DEVICE_FAMILY = "1,2";
			};
			name = Release;
		};
/* End XCBuildConfiguration section */

/* Begin XCConfigurationList section */
		E7B2F5E42143F963003B642A /* Build configuration list for PBXProject "HUDMakerKit" */ = {
			isa = XCConfigurationList;
			buildConfigurations = (
				E7B2F5FC2143F963003B642A /* Debug */,
				E7B2F5FD2143F963003B642A /* Release */,
			);
			defaultConfigurationIsVisible = 0;
			defaultConfigurationName = Release;
		};
		E7B2F5FE2143F963003B642A /* Build configuration list for PBXNativeTarget "HUDMakerKit" */ = {
			isa = XCConfigurationList;
			buildConfigurations = (
				E7B2F5FF2143F963003B642A /* Debug */,
				E7B2F6002143F963003B642A /* Release */,
			);
			defaultConfigurationIsVisible = 0;
			defaultConfigurationName = Release;
		};
		E7B2F6012143F963003B642A /* Build configuration list for PBXNativeTarget "HUDMakerKitTests" */ = {
			isa = XCConfigurationList;
			buildConfigurations = (
				E7B2F6022143F963003B642A /* Debug */,
				E7B2F6032143F963003B642A /* Release */,
			);
			defaultConfigurationIsVisible = 0;
			defaultConfigurationName = Release;
		};
/* End XCConfigurationList section */
	};
	rootObject = E7B2F5E12143F963003B642A /* Project object */;
}
