// !$*UTF8*$!
{
	archiveVersion = 1;
	classes = {
	};
	objectVersion = 50;
	objects = {

/* Begin PBXBuildFile section */
		026207A1A999A1BA28428057 /* Pods_HUDMakerKitDemo.framework in Frameworks */ = {isa = PBXBuildFile; fileRef = D066A2CAB4A27AC521A4CC52 /* Pods_HUDMakerKitDemo.framework */; };
		E7B2F6152144032B003B642A /* AppDelegate.swift in Sources */ = {isa = PBXBuildFile; fileRef = E7B2F6142144032B003B642A /* AppDelegate.swift */; };
		E7B2F6172144032B003B642A /* ViewController.swift in Sources */ = {isa = PBXBuildFile; fileRef = E7B2F6162144032B003B642A /* ViewController.swift */; };
		E7B2F61A2144032B003B642A /* Main.storyboard in Resources */ = {isa = PBXBuildFile; fileRef = E7B2F6182144032B003B642A /* Main.storyboard */; };
		E7B2F61C2144032D003B642A /* Assets.xcassets in Resources */ = {isa = PBXBuildFile; fileRef = E7B2F61B2144032D003B642A /* Assets.xcassets */; };
		E7B2F61F2144032D003B642A /* LaunchScreen.storyboard in Resources */ = {isa = PBXBuildFile; fileRef = E7B2F61D2144032D003B642A /* LaunchScreen.storyboard */; };
		E7B2F63921441544003B642A /* PeriodicallyHUD.swift in Sources */ = {isa = PBXBuildFile; fileRef = E7B2F63821441544003B642A /* PeriodicallyHUD.swift */; };
		E7B2F6562144ED1F003B642A /* SimpleHUD.swift in Sources */ = {isa = PBXBuildFile; fileRef = E7B2F6552144ED1F003B642A /* SimpleHUD.swift */; };
		E7B2F6592144ED4B003B642A /* AnimateHUD.swift in Sources */ = {isa = PBXBuildFile; fileRef = E7B2F6582144ED4B003B642A /* AnimateHUD.swift */; };
/* End PBXBuildFile section */

/* Begin PBXCopyFilesBuildPhase section */
		E7B2F6332144035B003B642A /* Embed Frameworks */ = {
			isa = PBXCopyFilesBuildPhase;
			buildActionMask = 2147483647;
			dstPath = "";
			dstSubfolderSpec = 10;
			files = (
			);
			name = "Embed Frameworks";
			runOnlyForDeploymentPostprocessing = 0;
		};
/* End PBXCopyFilesBuildPhase section */

/* Begin PBXFileReference section */
		596DA6ADABF8509D9D7A0772 /* Pods-HUDMakerKitDemo.debug.xcconfig */ = {isa = PBXFileReference; includeInIndex = 1; lastKnownFileType = text.xcconfig; name = "Pods-HUDMakerKitDemo.debug.xcconfig"; path = "Pods/Target Support Files/Pods-HUDMakerKitDemo/Pods-HUDMakerKitDemo.debug.xcconfig"; sourceTree = "<group>"; };
		CFDEB31395898B5ABA7CFF8F /* Pods-HUDMakerKitDemo.release.xcconfig */ = {isa = PBXFileReference; includeInIndex = 1; lastKnownFileType = text.xcconfig; name = "Pods-HUDMakerKitDemo.release.xcconfig"; path = "Pods/Target Support Files/Pods-HUDMakerKitDemo/Pods-HUDMakerKitDemo.release.xcconfig"; sourceTree = "<group>"; };
		D066A2CAB4A27AC521A4CC52 /* Pods_HUDMakerKitDemo.framework */ = {isa = PBXFileReference; explicitFileType = wrapper.framework; includeInIndex = 0; path = Pods_HUDMakerKitDemo.framework; sourceTree = BUILT_PRODUCTS_DIR; };
		E7B2F6112144032B003B642A /* HUDMakerKitDemo.app */ = {isa = PBXFileReference; explicitFileType = wrapper.application; includeInIndex = 0; path = HUDMakerKitDemo.app; sourceTree = BUILT_PRODUCTS_DIR; };
		E7B2F6142144032B003B642A /* AppDelegate.swift */ = {isa = PBXFileReference; lastKnownFileType = sourcecode.swift; path = AppDelegate.swift; sourceTree = "<group>"; };
		E7B2F6162144032B003B642A /* ViewController.swift */ = {isa = PBXFileReference; lastKnownFileType = sourcecode.swift; path = ViewController.swift; sourceTree = "<group>"; };
		E7B2F6192144032B003B642A /* Base */ = {isa = PBXFileReference; lastKnownFileType = file.storyboard; name = Base; path = Base.lproj/Main.storyboard; sourceTree = "<group>"; };
		E7B2F61B2144032D003B642A /* Assets.xcassets */ = {isa = PBXFileReference; lastKnownFileType = folder.assetcatalog; path = Assets.xcassets; sourceTree = "<group>"; };
		E7B2F61E2144032D003B642A /* Base */ = {isa = PBXFileReference; lastKnownFileType = file.storyboard; name = Base; path = Base.lproj/LaunchScreen.storyboard; sourceTree = "<group>"; };
		E7B2F6202144032D003B642A /* Info.plist */ = {isa = PBXFileReference; lastKnownFileType = text.plist.xml; path = Info.plist; sourceTree = "<group>"; };
		E7B2F63821441544003B642A /* PeriodicallyHUD.swift */ = {isa = PBXFileReference; lastKnownFileType = sourcecode.swift; path = PeriodicallyHUD.swift; sourceTree = "<group>"; };
		E7B2F6552144ED1F003B642A /* SimpleHUD.swift */ = {isa = PBXFileReference; lastKnownFileType = sourcecode.swift; path = SimpleHUD.swift; sourceTree = "<group>"; };
		E7B2F6582144ED4B003B642A /* AnimateHUD.swift */ = {isa = PBXFileReference; lastKnownFileType = sourcecode.swift; path = AnimateHUD.swift; sourceTree = "<group>"; };
/* End PBXFileReference section */

/* Begin PBXFrameworksBuildPhase section */
		E7B2F60E2144032B003B642A /* Frameworks */ = {
			isa = PBXFrameworksBuildPhase;
			buildActionMask = 2147483647;
			files = (
				026207A1A999A1BA28428057 /* Pods_HUDMakerKitDemo.framework in Frameworks */,
			);
			runOnlyForDeploymentPostprocessing = 0;
		};
/* End PBXFrameworksBuildPhase section */

/* Begin PBXGroup section */
		A04F032BF9F80A6765ECD6A5 /* Frameworks */ = {
			isa = PBXGroup;
			children = (
				D066A2CAB4A27AC521A4CC52 /* Pods_HUDMakerKitDemo.framework */,
			);
			name = Frameworks;
			sourceTree = "<group>";
		};
		C7DA8608E9173E9B5B575836 /* Pods */ = {
			isa = PBXGroup;
			children = (
				596DA6ADABF8509D9D7A0772 /* Pods-HUDMakerKitDemo.debug.xcconfig */,
				CFDEB31395898B5ABA7CFF8F /* Pods-HUDMakerKitDemo.release.xcconfig */,
			);
			name = Pods;
			sourceTree = "<group>";
		};
		E7B2F6082144032B003B642A = {
			isa = PBXGroup;
			children = (
				E7B2F6132144032B003B642A /* HUDMakerKitDemo */,
				E7B2F6122144032B003B642A /* Products */,
				C7DA8608E9173E9B5B575836 /* Pods */,
				A04F032BF9F80A6765ECD6A5 /* Frameworks */,
			);
			sourceTree = "<group>";
		};
		E7B2F6122144032B003B642A /* Products */ = {
			isa = PBXGroup;
			children = (
				E7B2F6112144032B003B642A /* HUDMakerKitDemo.app */,
			);
			name = Products;
			sourceTree = "<group>";
		};
		E7B2F6132144032B003B642A /* HUDMakerKitDemo */ = {
			isa = PBXGroup;
			children = (
				E7B2F6142144032B003B642A /* AppDelegate.swift */,
				E7B2F6162144032B003B642A /* ViewController.swift */,
				E7B2F63821441544003B642A /* PeriodicallyHUD.swift */,
				E7B2F6582144ED4B003B642A /* AnimateHUD.swift */,
				E7B2F6552144ED1F003B642A /* SimpleHUD.swift */,
				E7B2F6182144032B003B642A /* Main.storyboard */,
				E7B2F61B2144032D003B642A /* Assets.xcassets */,
				E7B2F61D2144032D003B642A /* LaunchScreen.storyboard */,
				E7B2F6202144032D003B642A /* Info.plist */,
			);
			path = HUDMakerKitDemo;
			sourceTree = "<group>";
		};
/* End PBXGroup section */

/* Begin PBXNativeTarget section */
		E7B2F6102144032B003B642A /* HUDMakerKitDemo */ = {
			isa = PBXNativeTarget;
			buildConfigurationList = E7B2F6232144032D003B642A /* Build configuration list for PBXNativeTarget "HUDMakerKitDemo" */;
			buildPhases = (
				E2D19CCA811F5A40EB40946E /* [CP] Check Pods Manifest.lock */,
				E7B2F60D2144032B003B642A /* Sources */,
				E7B2F60E2144032B003B642A /* Frameworks */,
				E7B2F60F2144032B003B642A /* Resources */,
				E7B2F6332144035B003B642A /* Embed Frameworks */,
				183CA91CB5728DF9D1C12B05 /* [CP] Embed Pods Frameworks */,
			);
			buildRules = (
			);
			dependencies = (
			);
			name = HUDMakerKitDemo;
			productName = HUDMakerKitDemo;
			productReference = E7B2F6112144032B003B642A /* HUDMakerKitDemo.app */;
			productType = "com.apple.product-type.application";
		};
/* End PBXNativeTarget section */

/* Begin PBXProject section */
		E7B2F6092144032B003B642A /* Project object */ = {
			isa = PBXProject;
			attributes = {
				LastSwiftUpdateCheck = 0940;
				LastUpgradeCheck = 0940;
				ORGANIZATIONNAME = "Atsuya Sato";
				TargetAttributes = {
					E7B2F6102144032B003B642A = {
						CreatedOnToolsVersion = 9.4.1;
					};
				};
			};
			buildConfigurationList = E7B2F60C2144032B003B642A /* Build configuration list for PBXProject "HUDMakerKitDemo" */;
			compatibilityVersion = "Xcode 9.3";
			developmentRegion = en;
			hasScannedForEncodings = 0;
			knownRegions = (
				en,
				Base,
			);
			mainGroup = E7B2F6082144032B003B642A;
			productRefGroup = E7B2F6122144032B003B642A /* Products */;
			projectDirPath = "";
			projectRoot = "";
			targets = (
				E7B2F6102144032B003B642A /* HUDMakerKitDemo */,
			);
		};
/* End PBXProject section */

/* Begin PBXResourcesBuildPhase section */
		E7B2F60F2144032B003B642A /* Resources */ = {
			isa = PBXResourcesBuildPhase;
			buildActionMask = 2147483647;
			files = (
				E7B2F61F2144032D003B642A /* LaunchScreen.storyboard in Resources */,
				E7B2F61C2144032D003B642A /* Assets.xcassets in Resources */,
				E7B2F61A2144032B003B642A /* Main.storyboard in Resources */,
			);
			runOnlyForDeploymentPostprocessing = 0;
		};
/* End PBXResourcesBuildPhase section */

/* Begin PBXShellScriptBuildPhase section */
		183CA91CB5728DF9D1C12B05 /* [CP] Embed Pods Frameworks */ = {
			isa = PBXShellScriptBuildPhase;
			buildActionMask = 2147483647;
			files = (
			);
			inputFileListPaths = (
			);
			inputPaths = (
				"${SRCROOT}/Pods/Target Support Files/Pods-HUDMakerKitDemo/Pods-HUDMakerKitDemo-frameworks.sh",
				"${BUILT_PRODUCTS_DIR}/HUDMakerKit/HUDMakerKit.framework",
				"${BUILT_PRODUCTS_DIR}/ProcessingKit/ProcessingKit.framework",
			);
			name = "[CP] Embed Pods Frameworks";
			outputFileListPaths = (
			);
			outputPaths = (
				"${TARGET_BUILD_DIR}/${FRAMEWORKS_FOLDER_PATH}/HUDMakerKit.framework",
				"${TARGET_BUILD_DIR}/${FRAMEWORKS_FOLDER_PATH}/ProcessingKit.framework",
			);
			runOnlyForDeploymentPostprocessing = 0;
			shellPath = /bin/sh;
			shellScript = "\"${SRCROOT}/Pods/Target Support Files/Pods-HUDMakerKitDemo/Pods-HUDMakerKitDemo-frameworks.sh\"\n";
			showEnvVarsInLog = 0;
		};
		E2D19CCA811F5A40EB40946E /* [CP] Check Pods Manifest.lock */ = {
			isa = PBXShellScriptBuildPhase;
			buildActionMask = 2147483647;
			files = (
			);
			inputFileListPaths = (
			);
			inputPaths = (
				"${PODS_PODFILE_DIR_PATH}/Podfile.lock",
				"${PODS_ROOT}/Manifest.lock",
			);
			name = "[CP] Check Pods Manifest.lock";
			outputFileListPaths = (
			);
			outputPaths = (
				"$(DERIVED_FILE_DIR)/Pods-HUDMakerKitDemo-checkManifestLockResult.txt",
			);
			runOnlyForDeploymentPostprocessing = 0;
			shellPath = /bin/sh;
			shellScript = "diff \"${PODS_PODFILE_DIR_PATH}/Podfile.lock\" \"${PODS_ROOT}/Manifest.lock\" > /dev/null\nif [ $? != 0 ] ; then\n    # print error to STDERR\n    echo \"error: The sandbox is not in sync with the Podfile.lock. Run 'pod install' or update your CocoaPods installation.\" >&2\n    exit 1\nfi\n# This output is used by Xcode 'outputs' to avoid re-running this script phase.\necho \"SUCCESS\" > \"${SCRIPT_OUTPUT_FILE_0}\"\n";
			showEnvVarsInLog = 0;
		};
/* End PBXShellScriptBuildPhase section */

/* Begin PBXSourcesBuildPhase section */
		E7B2F60D2144032B003B642A /* Sources */ = {
			isa = PBXSourcesBuildPhase;
			buildActionMask = 2147483647;
			files = (
				E7B2F6172144032B003B642A /* ViewController.swift in Sources */,
				E7B2F6562144ED1F003B642A /* SimpleHUD.swift in Sources */,
				E7B2F6592144ED4B003B642A /* AnimateHUD.swift in Sources */,
				E7B2F6152144032B003B642A /* AppDelegate.swift in Sources */,
				E7B2F63921441544003B642A /* PeriodicallyHUD.swift in Sources */,
			);
			runOnlyForDeploymentPostprocessing = 0;
		};
/* End PBXSourcesBuildPhase section */

/* Begin PBXVariantGroup section */
		E7B2F6182144032B003B642A /* Main.storyboard */ = {
			isa = PBXVariantGroup;
			children = (
				E7B2F6192144032B003B642A /* Base */,
			);
			name = Main.storyboard;
			sourceTree = "<group>";
		};
		E7B2F61D2144032D003B642A /* LaunchScreen.storyboard */ = {
			isa = PBXVariantGroup;
			children = (
				E7B2F61E2144032D003B642A /* Base */,
			);
			name = LaunchScreen.storyboard;
			sourceTree = "<group>";
		};
/* End PBXVariantGroup section */

/* Begin XCBuildConfiguration section */
		E7B2F6212144032D003B642A /* Debug */ = {
			isa = XCBuildConfiguration;
			buildSettings = {
				ALWAYS_SEARCH_USER_PATHS = NO;
				CLANG_ANALYZER_NONNULL = YES;
				CLANG_ANALYZER_NUMBER_OBJECT_CONVERSION = YES_AGGRESSIVE;
				CLANG_CXX_LANGUAGE_STANDARD = "gnu++14";
				CLANG_CXX_LIBRARY = "libc++";
				CLANG_ENABLE_MODULES = YES;
				CLANG_ENABLE_OBJC_ARC = YES;
				CLANG_ENABLE_OBJC_WEAK = YES;
				CLANG_WARN_BLOCK_CAPTURE_AUTORELEASING = YES;
				CLANG_WARN_BOOL_CONVERSION = YES;
				CLANG_WARN_COMMA = YES;
				CLANG_WARN_CONSTANT_CONVERSION = YES;
				CLANG_WARN_DEPRECATED_OBJC_IMPLEMENTATIONS = YES;
				CLANG_WARN_DIRECT_OBJC_ISA_USAGE = YES_ERROR;
				CLANG_WARN_DOCUMENTATION_COMMENTS = YES;
				CLANG_WARN_EMPTY_BODY = YES;
				CLANG_WARN_ENUM_CONVERSION = YES;
				CLANG_WARN_INFINITE_RECURSION = YES;
				CLANG_WARN_INT_CONVERSION = YES;
				CLANG_WARN_NON_LITERAL_NULL_CONVERSION = YES;
				CLANG_WARN_OBJC_IMPLICIT_RETAIN_SELF = YES;
				CLANG_WARN_OBJC_LITERAL_CONVERSION = YES;
				CLANG_WARN_OBJC_ROOT_CLASS = YES_ERROR;
				CLANG_WARN_RANGE_LOOP_ANALYSIS = YES;
				CLANG_WARN_STRICT_PROTOTYPES = YES;
				CLANG_WARN_SUSPICIOUS_MOVE = YES;
				CLANG_WARN_UNGUARDED_AVAILABILITY = YES_AGGRESSIVE;
				CLANG_WARN_UNREACHABLE_CODE = YES;
				CLANG_WARN__DUPLICATE_METHOD_MATCH = YES;
				CODE_SIGN_IDENTITY = "iPhone Developer";
				COPY_PHASE_STRIP = NO;
				DEBUG_INFORMATION_FORMAT = dwarf;
				ENABLE_STRICT_OBJC_MSGSEND = YES;
				ENABLE_TESTABILITY = YES;
				GCC_C_LANGUAGE_STANDARD = gnu11;
				GCC_DYNAMIC_NO_PIC = NO;
				GCC_NO_COMMON_BLOCKS = YES;
				GCC_OPTIMIZATION_LEVEL = 0;
				GCC_PREPROCESSOR_DEFINITIONS = (
					"DEBUG=1",
					"$(inherited)",
				);
				GCC_WARN_64_TO_32_BIT_CONVERSION = YES;
				GCC_WARN_ABOUT_RETURN_TYPE = YES_ERROR;
				GCC_WARN_UNDECLARED_SELECTOR = YES;
				GCC_WARN_UNINITIALIZED_AUTOS = YES_AGGRESSIVE;
				GCC_WARN_UNUSED_FUNCTION = YES;
				GCC_WARN_UNUSED_VARIABLE = YES;
				IPHONEOS_DEPLOYMENT_TARGET = 11.4;
				MTL_ENABLE_DEBUG_INFO = YES;
				ONLY_ACTIVE_ARCH = YES;
				SDKROOT = iphoneos;
				SWIFT_ACTIVE_COMPILATION_CONDITIONS = DEBUG;
				SWIFT_OPTIMIZATION_LEVEL = "-Onone";
			};
			name = Debug;
		};
		E7B2F6222144032D003B642A /* Release */ = {
			isa = XCBuildConfiguration;
			buildSettings = {
				ALWAYS_SEARCH_USER_PATHS = NO;
				CLANG_ANALYZER_NONNULL = YES;
				CLANG_ANALYZER_NUMBER_OBJECT_CONVERSION = YES_AGGRESSIVE;
				CLANG_CXX_LANGUAGE_STANDARD = "gnu++14";
				CLANG_CXX_LIBRARY = "libc++";
				CLANG_ENABLE_MODULES = YES;
				CLANG_ENABLE_OBJC_ARC = YES;
				CLANG_ENABLE_OBJC_WEAK = YES;
				CLANG_WARN_BLOCK_CAPTURE_AUTORELEASING = YES;
				CLANG_WARN_BOOL_CONVERSION = YES;
				CLANG_WARN_COMMA = YES;
				CLANG_WARN_CONSTANT_CONVERSION = YES;
				CLANG_WARN_DEPRECATED_OBJC_IMPLEMENTATIONS = YES;
				CLANG_WARN_DIRECT_OBJC_ISA_USAGE = YES_ERROR;
				CLANG_WARN_DOCUMENTATION_COMMENTS = YES;
				CLANG_WARN_EMPTY_BODY = YES;
				CLANG_WARN_ENUM_CONVERSION = YES;
				CLANG_WARN_INFINITE_RECURSION = YES;
				CLANG_WARN_INT_CONVERSION = YES;
				CLANG_WARN_NON_LITERAL_NULL_CONVERSION = YES;
				CLANG_WARN_OBJC_IMPLICIT_RETAIN_SELF = YES;
				CLANG_WARN_OBJC_LITERAL_CONVERSION = YES;
				CLANG_WARN_OBJC_ROOT_CLASS = YES_ERROR;
				CLANG_WARN_RANGE_LOOP_ANALYSIS = YES;
				CLANG_WARN_STRICT_PROTOTYPES = YES;
				CLANG_WARN_SUSPICIOUS_MOVE = YES;
				CLANG_WARN_UNGUARDED_AVAILABILITY = YES_AGGRESSIVE;
				CLANG_WARN_UNREACHABLE_CODE = YES;
				CLANG_WARN__DUPLICATE_METHOD_MATCH = YES;
				CODE_SIGN_IDENTITY = "iPhone Developer";
				COPY_PHASE_STRIP = NO;
				DEBUG_INFORMATION_FORMAT = "dwarf-with-dsym";
				ENABLE_NS_ASSERTIONS = NO;
				ENABLE_STRICT_OBJC_MSGSEND = YES;
				GCC_C_LANGUAGE_STANDARD = gnu11;
				GCC_NO_COMMON_BLOCKS = YES;
				GCC_WARN_64_TO_32_BIT_CONVERSION = YES;
				GCC_WARN_ABOUT_RETURN_TYPE = YES_ERROR;
				GCC_WARN_UNDECLARED_SELECTOR = YES;
				GCC_WARN_UNINITIALIZED_AUTOS = YES_AGGRESSIVE;
				GCC_WARN_UNUSED_FUNCTION = YES;
				GCC_WARN_UNUSED_VARIABLE = YES;
				IPHONEOS_DEPLOYMENT_TARGET = 11.4;
				MTL_ENABLE_DEBUG_INFO = NO;
				SDKROOT = iphoneos;
				SWIFT_COMPILATION_MODE = wholemodule;
				SWIFT_OPTIMIZATION_LEVEL = "-O";
				VALIDATE_PRODUCT = YES;
			};
			name = Release;
		};
		E7B2F6242144032D003B642A /* Debug */ = {
			isa = XCBuildConfiguration;
			baseConfigurationReference = 596DA6ADABF8509D9D7A0772 /* Pods-HUDMakerKitDemo.debug.xcconfig */;
			buildSettings = {
				ALWAYS_EMBED_SWIFT_STANDARD_LIBRARIES = YES;
				ASSETCATALOG_COMPILER_APPICON_NAME = AppIcon;
				CODE_SIGN_STYLE = Automatic;
				DEVELOPMENT_TEAM = "";
				INFOPLIST_FILE = HUDMakerKitDemo/Info.plist;
				LD_RUNPATH_SEARCH_PATHS = (
					"$(inherited)",
					"@executable_path/Frameworks",
				);
				PRODUCT_BUNDLE_IDENTIFIER = io.github.natmark.HUDMakerKitDemo;
				PRODUCT_NAME = "$(TARGET_NAME)";
				SWIFT_VERSION = 4.0;
				TARGETED_DEVICE_FAMILY = "1,2";
			};
			name = Debug;
		};
		E7B2F6252144032D003B642A /* Release */ = {
			isa = XCBuildConfiguration;
			baseConfigurationReference = CFDEB31395898B5ABA7CFF8F /* Pods-HUDMakerKitDemo.release.xcconfig */;
			buildSettings = {
				ALWAYS_EMBED_SWIFT_STANDARD_LIBRARIES = YES;
				ASSETCATALOG_COMPILER_APPICON_NAME = AppIcon;
				CODE_SIGN_STYLE = Automatic;
				DEVELOPMENT_TEAM = "";
				INFOPLIST_FILE = HUDMakerKitDemo/Info.plist;
				LD_RUNPATH_SEARCH_PATHS = (
					"$(inherited)",
					"@executable_path/Frameworks",
				);
				PRODUCT_BUNDLE_IDENTIFIER = io.github.natmark.HUDMakerKitDemo;
				PRODUCT_NAME = "$(TARGET_NAME)";
				SWIFT_VERSION = 4.0;
				TARGETED_DEVICE_FAMILY = "1,2";
			};
			name = Release;
		};
/* End XCBuildConfiguration section */

/* Begin XCConfigurationList section */
		E7B2F60C2144032B003B642A /* Build configuration list for PBXProject "HUDMakerKitDemo" */ = {
			isa = XCConfigurationList;
			buildConfigurations = (
				E7B2F6212144032D003B642A /* Debug */,
				E7B2F6222144032D003B642A /* Release */,
			);
			defaultConfigurationIsVisible = 0;
			defaultConfigurationName = Release;
		};
		E7B2F6232144032D003B642A /* Build configuration list for PBXNativeTarget "HUDMakerKitDemo" */ = {
			isa = XCConfigurationList;
			buildConfigurations = (
				E7B2F6242144032D003B642A /* Debug */,
				E7B2F6252144032D003B642A /* Release */,
			);
			defaultConfigurationIsVisible = 0;
			defaultConfigurationName = Release;
		};
/* End XCConfigurationList section */
	};
	rootObject = E7B2F6092144032B003B642A /* Project object */;
}
