PODS:
  - HUDMakerKit (0.2.4):
    - ProcessingKit/Core
  - ProcessingKit/Core (1.1.3)

DEPENDENCIES:
  - HUDMakerKit (~> 0.2.4)

SPEC REPOS:
  https://github.com/cocoapods/specs.git:
    - HUDMakerKit
    - ProcessingKit

SPEC CHECKSUMS:
  HUDMakerKit: 7ebacef7cde5ac33ca79b2ca2dcf56b0bda2a98b
  ProcessingKit: 337942def364b2c013d5a0b2255d29127605974e

PODFILE CHECKSUM: fd20a76447e809a4d46c7325ccc582cb2dce643f

COCOAPODS: 1.5.3
